# THIS IS AN AUTOGENERATED FILE. DO NOT EDIT THIS FILE DIRECTLY.
# yarn lockfile v1


lucide-static@^0.514.0:
  version "0.514.0"
  resolved "https://registry.yarnpkg.com/lucide-static/-/lucide-static-0.514.0.tgz#92e7f3a949d851f1a4bf8c61bbaad79f76f174db"
  integrity sha512-agEEaXa/nFnzw/zZU+V9KD45YA6+ke4uhB3HRBHUd0tr2kw+Ej7sY+jeaAKTmsg3Lis1a4iAjZGfffa8pMwlpw==

slugify@^1.6.6:
  version "1.6.6"
  resolved "https://registry.yarnpkg.com/slugify/-/slugify-1.6.6.tgz#2d4ac0eacb47add6af9e04d3be79319cbcc7924b"
  integrity sha512-h+z7HKHYXj6wJU+AnS/+IH8Uh9fdcX1Lrhg1/VMdf9PwoBQXFcXiAdsy2tSK0P6gKwJLXp02r90ahUCqHk9rrw==
